
Microsoft Visual Studio Solution File, Format Version 12.00
# Visual Studio Version 16
VisualStudioVersion = 16.0.29519.181
MinimumVisualStudioVersion = 10.0.40219.1
Project("{FAE04EC0-301F-11D3-BF4B-00C04F79EFBC}") = "sampledb31", "sampledb31.csproj", "{DCF484B1-ED2D-4890-948E-E8948F26F5EA}"
EndProject
Global
	GlobalSection(SolutionConfigurationPlatforms) = preSolution
		Debug|Any CPU = Debug|Any CPU
		Release|Any CPU = Release|Any CPU
	EndGlobalSection
	GlobalSection(ProjectConfigurationPlatforms) = postSolution
		{DCF484B1-ED2D-4890-948E-E8948F26F5EA}.Debug|Any CPU.ActiveCfg = Debug|Any CPU
		{DCF484B1-ED2D-4890-948E-E8948F26F5EA}.Debug|Any CPU.Build.0 = Debug|Any CPU
		{DCF484B1-ED2D-4890-948E-E8948F26F5EA}.Release|Any CPU.ActiveCfg = Release|Any CPU
		{DCF484B1-ED2D-4890-948E-E8948F26F5EA}.Release|Any CPU.Build.0 = Release|Any CPU
	EndGlobalSection
	GlobalSection(SolutionProperties) = preSolution
		HideSolutionNode = FALSE
	EndGlobalSection
	GlobalSection(ExtensibilityGlobals) = postSolution
		SolutionGuid = {B75EFC54-E919-4644-ACC8-A87649186663}
	EndGlobalSection
EndGlobal
